<?xml version="1.0" encoding="utf-8"?>
<Project xmlns="http://schemas.microsoft.com/developer/msbuild/2003">
  <ItemGroup>
    <Filter Include="Form Files">
      <UniqueIdentifier>{99349809-55BA-4b9d-BF79-8FDBB0286EB3}</UniqueIdentifier>
      <Extensions>ui</Extensions>
      <ParseFiles>false</ParseFiles>
    </Filter>
    <Filter Include="Form Files">
      <UniqueIdentifier>{99349809-55BA-4b9d-BF79-8FDBB0286EB3}</UniqueIdentifier>
      <Extensions>ui</Extensions>
      <ParseFiles>false</ParseFiles>
    </Filter>
    <Filter Include="Generated Files">
      <UniqueIdentifier>{71ED8ED8-ACB9-4CE9-BBE1-E00B30144E11}</UniqueIdentifier>
      <Extensions>cpp;c;cxx;moc;h;def;odl;idl;res;</Extensions>
    </Filter>
    <Filter Include="Generated Files">
      <UniqueIdentifier>{71ED8ED8-ACB9-4CE9-BBE1-E00B30144E11}</UniqueIdentifier>
      <Extensions>cpp;c;cxx;moc;h;def;odl;idl;res;</Extensions>
    </Filter>
    <Filter Include="Header Files">
      <UniqueIdentifier>{93995380-89BD-4b04-88EB-625FBE52EBFB}</UniqueIdentifier>
      <Extensions>h;hpp;hxx;hm;inl;inc;xsd</Extensions>
    </Filter>
    <Filter Include="Header Files">
      <UniqueIdentifier>{93995380-89BD-4b04-88EB-625FBE52EBFB}</UniqueIdentifier>
      <Extensions>h;hpp;hxx;hm;inl;inc;xsd</Extensions>
    </Filter>
    <Filter Include="Source Files">
      <UniqueIdentifier>{4FC737F1-C7A5-4376-A066-2A32D752A2FF}</UniqueIdentifier>
      <Extensions>cpp;c;cxx;def;odl;idl;hpj;bat;asm;asmx</Extensions>
    </Filter>
    <Filter Include="Source Files">
      <UniqueIdentifier>{4FC737F1-C7A5-4376-A066-2A32D752A2FF}</UniqueIdentifier>
      <Extensions>cpp;c;cxx;def;odl;idl;hpj;bat;asm;asmx</Extensions>
    </Filter>
  </ItemGroup>
  <ItemGroup>
    <ClCompile Include="addaudience.cpp">
      <Filter>Source Files</Filter>
    </ClCompile>
    <ClCompile Include="addbuttoncampaign.cpp">
      <Filter>Source Files</Filter>
    </ClCompile>
    <ClCompile Include="addchanel.cpp">
      <Filter>Source Files</Filter>
    </ClCompile>
    <ClCompile Include="addproduct.cpp">
      <Filter>Source Files</Filter>
    </ClCompile>
    <ClCompile Include="audienceform.cpp">
      <Filter>Source Files</Filter>
    </ClCompile>
    <ClCompile Include="campaignform.cpp">
      <Filter>Source Files</Filter>
    </ClCompile>
    <ClCompile Include="channelform.cpp">
      <Filter>Source Files</Filter>
    </ClCompile>
    <ClCompile Include="deletedialog.cpp">
      <Filter>Source Files</Filter>
    </ClCompile>
    <ClCompile Include="dialogaudience.cpp">
      <Filter>Source Files</Filter>
    </ClCompile>
    <ClCompile Include="dialogcampaign.cpp">
      <Filter>Source Files</Filter>
    </ClCompile>
    <ClCompile Include="dialogchannel.cpp">
      <Filter>Source Files</Filter>
    </ClCompile>
    <ClCompile Include="dialogproduct.cpp">
      <Filter>Source Files</Filter>
    </ClCompile>
    <ClCompile Include="main.cpp">
      <Filter>Source Files</Filter>
    </ClCompile>
    <ClCompile Include="mainwindow.cpp">
      <Filter>Source Files</Filter>
    </ClCompile>
    <ClCompile Include="marketcampaign.cpp">
      <Filter>Source Files</Filter>
    </ClCompile>
    <ClCompile Include="productform.cpp">
      <Filter>Source Files</Filter>
    </ClCompile>
  </ItemGroup>
  <ItemGroup>
    <QtMoc Include="addaudience.h">
      <Filter>Header Files</Filter>
    </QtMoc>
    <QtMoc Include="addbuttoncampaign.h">
      <Filter>Header Files</Filter>
    </QtMoc>
    <QtMoc Include="addchanel.h">
      <Filter>Header Files</Filter>
    </QtMoc>
    <QtMoc Include="addproduct.h">
      <Filter>Header Files</Filter>
    </QtMoc>
    <QtMoc Include="audienceform.h">
      <Filter>Header Files</Filter>
    </QtMoc>
    <QtMoc Include="campaignform.h">
      <Filter>Header Files</Filter>
    </QtMoc>
    <QtMoc Include="channelform.h">
      <Filter>Header Files</Filter>
    </QtMoc>
    <QtMoc Include="deletedialog.h">
      <Filter>Header Files</Filter>
    </QtMoc>
    <QtMoc Include="dialogaudience.h">
      <Filter>Header Files</Filter>
    </QtMoc>
    <QtMoc Include="dialogcampaign.h">
      <Filter>Header Files</Filter>
    </QtMoc>
    <QtMoc Include="dialogchannel.h">
      <Filter>Header Files</Filter>
    </QtMoc>
    <QtMoc Include="dialogproduct.h">
      <Filter>Header Files</Filter>
    </QtMoc>
    <QtMoc Include="mainwindow.h">
      <Filter>Header Files</Filter>
    </QtMoc>
    <ClInclude Include="marketcampaign.h">
      <Filter>Header Files</Filter>
    </ClInclude>
    <QtMoc Include="productform.h">
      <Filter>Header Files</Filter>
    </QtMoc>
  </ItemGroup>
  <ItemGroup>
    
    
    
    
    
    
    
    
    
    
    
    
    
    
    
    
    
    
    
    
    
    
    
    
    
    
    <CustomBuild Include="debug\moc_predefs.h.cbt">
      <Filter>Generated Files</Filter>
    </CustomBuild>
    <CustomBuild Include="release\moc_predefs.h.cbt">
      <Filter>Generated Files</Filter>
    </CustomBuild>
    
    
    
    
    
    
    
    
    
    
    
    
    
    
    
  </ItemGroup>
  <ItemGroup>
    <QtUic Include="addaudience.ui">
      <Filter>Form Files</Filter>
    </QtUic>
    <QtUic Include="addbuttoncampaign.ui">
      <Filter>Form Files</Filter>
    </QtUic>
    <QtUic Include="addchanel.ui">
      <Filter>Form Files</Filter>
    </QtUic>
    <QtUic Include="addproduct.ui">
      <Filter>Form Files</Filter>
    </QtUic>
    <QtUic Include="audienceform.ui">
      <Filter>Form Files</Filter>
    </QtUic>
    <QtUic Include="campaignform.ui">
      <Filter>Form Files</Filter>
    </QtUic>
    <QtUic Include="channelform.ui">
      <Filter>Form Files</Filter>
    </QtUic>
    <QtUic Include="dialogaudience.ui">
      <Filter>Form Files</Filter>
    </QtUic>
    <QtUic Include="dialogcampaign.ui">
      <Filter>Form Files</Filter>
    </QtUic>
    <QtUic Include="dialogchannel.ui">
      <Filter>Form Files</Filter>
    </QtUic>
    <QtUic Include="dialogproduct.ui">
      <Filter>Form Files</Filter>
    </QtUic>
    <QtUic Include="mainwindow.ui">
      <Filter>Form Files</Filter>
    </QtUic>
    <QtUic Include="productform.ui">
      <Filter>Form Files</Filter>
    </QtUic>
  </ItemGroup>
</Project>